
Microsoft Visual Studio Solution File, Format Version 12.00
# Visual Studio Version 16
VisualStudioVersion = 16.0.32802.440
MinimumVisualStudioVersion = 10.0.40219.1
Project("{FAE04EC0-301F-11D3-BF4B-00C04F79EFBC}") = "MusicalOnlineService", "MusicalOnlineService\MusicalOnlineService.csproj", "{24E57FFF-0F73-452F-9F6A-E64F4FA8B6DB}"
EndProject
Global
	GlobalSection(SolutionConfigurationPlatforms) = preSolution
		Debug|Any CPU = Debug|Any CPU
		Release|Any CPU = Release|Any CPU
	EndGlobalSection
	GlobalSection(ProjectConfigurationPlatforms) = postSolution
		{24E57FFF-0F73-452F-9F6A-E64F4FA8B6DB}.Debug|Any CPU.ActiveCfg = Debug|Any CPU
		{24E57FFF-0F73-452F-9F6A-E64F4FA8B6DB}.Debug|Any CPU.Build.0 = Debug|Any CPU
		{24E57FFF-0F73-452F-9F6A-E64F4FA8B6DB}.Release|Any CPU.ActiveCfg = Release|Any CPU
		{24E57FFF-0F73-452F-9F6A-E64F4FA8B6DB}.Release|Any CPU.Build.0 = Release|Any CPU
	EndGlobalSection
	GlobalSection(SolutionProperties) = preSolution
		HideSolutionNode = FALSE
	EndGlobalSection
	GlobalSection(ExtensibilityGlobals) = postSolution
		SolutionGuid = {F8061E6F-9133-4033-9ACA-05C49D3D99E9}
	EndGlobalSection
EndGlobal
